
Microsoft Visual Studio Solution File, Format Version 12.00
# Visual Studio Version 16
VisualStudioVersion = 16.0.30621.155
MinimumVisualStudioVersion = 10.0.40219.1
Project("{8BC9CEB8-8B4A-11D0-8D11-00A0C91BC942}") = "ConsoleApplication1", "ConsoleApplication1.vcxproj", "{371F7D9C-79C7-415C-AB43-35E2A07967DC}"
EndProject
Global
	GlobalSection(SolutionConfigurationPlatforms) = preSolution
		Debug|x64 = Debug|x64
		Debug|x86 = Debug|x86
		Release|x64 = Release|x64
		Release|x86 = Release|x86
	EndGlobalSection
	GlobalSection(ProjectConfigurationPlatforms) = postSolution
		{371F7D9C-79C7-415C-AB43-35E2A07967DC}.Debug|x64.ActiveCfg = Debug|x64
		{371F7D9C-79C7-415C-AB43-35E2A07967DC}.Debug|x64.Build.0 = Debug|x64
		{371F7D9C-79C7-415C-AB43-35E2A07967DC}.Debug|x86.ActiveCfg = Debug|Win32
		{371F7D9C-79C7-415C-AB43-35E2A07967DC}.Debug|x86.Build.0 = Debug|Win32
		{371F7D9C-79C7-415C-AB43-35E2A07967DC}.Release|x64.ActiveCfg = Release|x64
		{371F7D9C-79C7-415C-AB43-35E2A07967DC}.Release|x64.Build.0 = Release|x64
		{371F7D9C-79C7-415C-AB43-35E2A07967DC}.Release|x86.ActiveCfg = Release|Win32
		{371F7D9C-79C7-415C-AB43-35E2A07967DC}.Release|x86.Build.0 = Release|Win32
	EndGlobalSection
	GlobalSection(SolutionProperties) = preSolution
		HideSolutionNode = FALSE
	EndGlobalSection
	GlobalSection(ExtensibilityGlobals) = postSolution
		SolutionGuid = {64239C7A-A7D2-4E0E-8BD3-0197C377314C}
	EndGlobalSection
EndGlobal
